
Microsoft Visual Studio Solution File, Format Version 12.00
# Visual Studio Version 17
VisualStudioVersion = 17.8.34511.84
MinimumVisualStudioVersion = 10.0.40219.1
Project("{FAE04EC0-301F-11D3-BF4B-00C04F79EFBC}") = "App.GUI", "App.GUI\App.GUI.csproj", "{276743A5-9B12-436F-AF9A-F49C3CBCD65D}"
EndProject
Project("{FAE04EC0-301F-11D3-BF4B-00C04F79EFBC}") = "App.BusinessLogicLayer", "App.BusinessLogicLayer\App.BusinessLogicLayer.csproj", "{E17598DE-2E93-4FA8-8847-E96483D5C7C8}"
EndProject
Project("{FAE04EC0-301F-11D3-BF4B-00C04F79EFBC}") = "App.DataAccessLayer", "App.DataAccessLayer\App.DataAccessLayer.csproj", "{735C54FC-FEF3-4C63-9918-960B1F5600DD}"
EndProject
Project("{FAE04EC0-301F-11D3-BF4B-00C04F79EFBC}") = "App.DataTransferObject", "App.DataTransferObject\App.DataTransferObject.csproj", "{DBA5DF00-8EA5-490A-B418-D78A0ABA851C}"
EndProject
Global
	GlobalSection(SolutionConfigurationPlatforms) = preSolution
		Debug|Any CPU = Debug|Any CPU
		Release|Any CPU = Release|Any CPU
	EndGlobalSection
	GlobalSection(ProjectConfigurationPlatforms) = postSolution
		{276743A5-9B12-436F-AF9A-F49C3CBCD65D}.Debug|Any CPU.ActiveCfg = Debug|Any CPU
		{276743A5-9B12-436F-AF9A-F49C3CBCD65D}.Debug|Any CPU.Build.0 = Debug|Any CPU
		{276743A5-9B12-436F-AF9A-F49C3CBCD65D}.Release|Any CPU.ActiveCfg = Release|Any CPU
		{276743A5-9B12-436F-AF9A-F49C3CBCD65D}.Release|Any CPU.Build.0 = Release|Any CPU
		{E17598DE-2E93-4FA8-8847-E96483D5C7C8}.Debug|Any CPU.ActiveCfg = Debug|Any CPU
		{E17598DE-2E93-4FA8-8847-E96483D5C7C8}.Debug|Any CPU.Build.0 = Debug|Any CPU
		{E17598DE-2E93-4FA8-8847-E96483D5C7C8}.Release|Any CPU.ActiveCfg = Release|Any CPU
		{E17598DE-2E93-4FA8-8847-E96483D5C7C8}.Release|Any CPU.Build.0 = Release|Any CPU
		{735C54FC-FEF3-4C63-9918-960B1F5600DD}.Debug|Any CPU.ActiveCfg = Debug|Any CPU
		{735C54FC-FEF3-4C63-9918-960B1F5600DD}.Debug|Any CPU.Build.0 = Debug|Any CPU
		{735C54FC-FEF3-4C63-9918-960B1F5600DD}.Release|Any CPU.ActiveCfg = Release|Any CPU
		{735C54FC-FEF3-4C63-9918-960B1F5600DD}.Release|Any CPU.Build.0 = Release|Any CPU
		{DBA5DF00-8EA5-490A-B418-D78A0ABA851C}.Debug|Any CPU.ActiveCfg = Debug|Any CPU
		{DBA5DF00-8EA5-490A-B418-D78A0ABA851C}.Debug|Any CPU.Build.0 = Debug|Any CPU
		{DBA5DF00-8EA5-490A-B418-D78A0ABA851C}.Release|Any CPU.ActiveCfg = Release|Any CPU
		{DBA5DF00-8EA5-490A-B418-D78A0ABA851C}.Release|Any CPU.Build.0 = Release|Any CPU
	EndGlobalSection
	GlobalSection(SolutionProperties) = preSolution
		HideSolutionNode = FALSE
	EndGlobalSection
	GlobalSection(ExtensibilityGlobals) = postSolution
		SolutionGuid = {E136BBEF-F989-4D52-B7AC-6DBA17CB42DD}
	EndGlobalSection
EndGlobal
